
Microsoft Visual Studio Solution File, Format Version 12.00
# Visual Studio Version 16
VisualStudioVersion = 16.0.30413.136
MinimumVisualStudioVersion = 10.0.40219.1
Project("{888888A0-9F3D-457C-B088-3A5042F75D52}") = "JS 1", "JS 1\JS 1.pyproj", "{72940C65-7BDF-46EF-B34D-40DDD39DB0F2}"
EndProject
Global
	GlobalSection(SolutionConfigurationPlatforms) = preSolution
		Debug|Any CPU = Debug|Any CPU
		Release|Any CPU = Release|Any CPU
	EndGlobalSection
	GlobalSection(ProjectConfigurationPlatforms) = postSolution
		{72940C65-7BDF-46EF-B34D-40DDD39DB0F2}.Debug|Any CPU.ActiveCfg = Debug|Any CPU
		{72940C65-7BDF-46EF-B34D-40DDD39DB0F2}.Debug|Any CPU.Build.0 = Debug|Any CPU
		{72940C65-7BDF-46EF-B34D-40DDD39DB0F2}.Release|Any CPU.ActiveCfg = Release|Any CPU
		{72940C65-7BDF-46EF-B34D-40DDD39DB0F2}.Release|Any CPU.Build.0 = Release|Any CPU
	EndGlobalSection
	GlobalSection(SolutionProperties) = preSolution
		HideSolutionNode = FALSE
	EndGlobalSection
	GlobalSection(ExtensibilityGlobals) = postSolution
		SolutionGuid = {45CCB4B6-043A-4D6C-8110-8BC81CB6B702}
	EndGlobalSection
EndGlobal
